
Microsoft Visual Studio Solution File, Format Version 12.00
# Visual Studio Version 18
VisualStudioVersion = 18.8.12023.21
MinimumVisualStudioVersion = 10.0.40219.1
Project("{FAE04EC0-301F-11D3-BF4B-00C04F79EFBC}") = "DataAnalyzer", "DataAnalyzer\DataAnalyzer.csproj", "{8043A7BC-191D-16CE-75BA-37383233F99B}"
EndProject
Project("{FAE04EC0-301F-11D3-BF4B-00C04F79EFBC}") = "TestDataAnalyzer", "TestDataAnalyzer\TestDataAnalyzer.csproj", "{6DF7FCC4-2835-5786-6E4F-665A1260170D}"
EndProject
Global
	GlobalSection(SolutionConfigurationPlatforms) = preSolution
		Debug|Any CPU = Debug|Any CPU
		Release|Any CPU = Release|Any CPU
	EndGlobalSection
	GlobalSection(ProjectConfigurationPlatforms) = postSolution
		{8043A7BC-191D-16CE-75BA-37383233F99B}.Debug|Any CPU.ActiveCfg = Debug|Any CPU
		{8043A7BC-191D-16CE-75BA-37383233F99B}.Debug|Any CPU.Build.0 = Debug|Any CPU
		{8043A7BC-191D-16CE-75BA-37383233F99B}.Release|Any CPU.ActiveCfg = Release|Any CPU
		{8043A7BC-191D-16CE-75BA-37383233F99B}.Release|Any CPU.Build.0 = Release|Any CPU
		{6DF7FCC4-2835-5786-6E4F-665A1260170D}.Debug|Any CPU.ActiveCfg = Debug|Any CPU
		{6DF7FCC4-2835-5786-6E4F-665A1260170D}.Debug|Any CPU.Build.0 = Debug|Any CPU
		{6DF7FCC4-2835-5786-6E4F-665A1260170D}.Release|Any CPU.ActiveCfg = Release|Any CPU
		{6DF7FCC4-2835-5786-6E4F-665A1260170D}.Release|Any CPU.Build.0 = Release|Any CPU
	EndGlobalSection
	GlobalSection(SolutionProperties) = preSolution
		HideSolutionNode = FALSE
	EndGlobalSection
	GlobalSection(ExtensibilityGlobals) = postSolution
		SolutionGuid = {F7D31D21-8C21-4647-AC88-DCB9165E26D6}
	EndGlobalSection
EndGlobal
